
Microsoft Visual Studio Solution File, Format Version 12.00
# Visual Studio Version 18
VisualStudioVersion = 18.0.11201.2
MinimumVisualStudioVersion = 10.0.40219.1
Project("{FAE04EC0-301F-11D3-BF4B-00C04F79EFBC}") = "Casino", "Casino\Casino.csproj", "{14C55603-8312-4F12-905D-DBE93D92AB1D}"
EndProject
Project("{FAE04EC0-301F-11D3-BF4B-00C04F79EFBC}") = "Casino.Services", "Services\Casino.Services.csproj", "{62B0A156-AC65-4F4A-88A3-ECF3C31E24D7}"
EndProject
Project("{FAE04EC0-301F-11D3-BF4B-00C04F79EFBC}") = "Casino.DataContext", "Casino.DataContext\Casino.DataContext.csproj", "{8C13428A-0F92-481E-9EB8-A8D3EBADB8B5}"
EndProject
Project("{FAE04EC0-301F-11D3-BF4B-00C04F79EFBC}") = "Casino.Web", "Web\Casino.Web.csproj", "{5CECA724-26BF-4E65-A647-D2AFA2B4901D}"
EndProject
Project("{FAE04EC0-301F-11D3-BF4B-00C04F79EFBC}") = "Casino.Test", "Casino.Test\Casino.Test.csproj", "{EAD575E4-69A2-4AAE-81CD-BFCEF6C38E0F}"
EndProject
Project("{FAE04EC0-301F-11D3-BF4B-00C04F79EFBC}") = "Logger.Extension", "..\Logger\Logger.Extension\Logger.Extension.csproj", "{AF2731D5-7063-9489-8170-2F6BB6D24FFB}"
EndProject
Project("{2150E333-8FDC-42A3-9474-1A3956D46DE8}") = "Nugets", "Nugets", "{36D591C7-65C7-A0D1-1CBC-10CDE441BDC8}"
EndProject
Project("{FAE04EC0-301F-11D3-BF4B-00C04F79EFBC}") = "WS.Extension", "..\Logger\WebSocket.Extension\WS.Extension.csproj", "{01F54625-8CE3-9EB9-ECF8-6D0DC05A7463}"
EndProject
Global
	GlobalSection(SolutionConfigurationPlatforms) = preSolution
		Debug|Any CPU = Debug|Any CPU
		Release|Any CPU = Release|Any CPU
	EndGlobalSection
	GlobalSection(ProjectConfigurationPlatforms) = postSolution
		{14C55603-8312-4F12-905D-DBE93D92AB1D}.Debug|Any CPU.ActiveCfg = Debug|Any CPU
		{14C55603-8312-4F12-905D-DBE93D92AB1D}.Debug|Any CPU.Build.0 = Debug|Any CPU
		{14C55603-8312-4F12-905D-DBE93D92AB1D}.Release|Any CPU.ActiveCfg = Release|Any CPU
		{14C55603-8312-4F12-905D-DBE93D92AB1D}.Release|Any CPU.Build.0 = Release|Any CPU
		{62B0A156-AC65-4F4A-88A3-ECF3C31E24D7}.Debug|Any CPU.ActiveCfg = Debug|Any CPU
		{62B0A156-AC65-4F4A-88A3-ECF3C31E24D7}.Debug|Any CPU.Build.0 = Debug|Any CPU
		{62B0A156-AC65-4F4A-88A3-ECF3C31E24D7}.Release|Any CPU.ActiveCfg = Release|Any CPU
		{62B0A156-AC65-4F4A-88A3-ECF3C31E24D7}.Release|Any CPU.Build.0 = Release|Any CPU
		{8C13428A-0F92-481E-9EB8-A8D3EBADB8B5}.Debug|Any CPU.ActiveCfg = Debug|Any CPU
		{8C13428A-0F92-481E-9EB8-A8D3EBADB8B5}.Debug|Any CPU.Build.0 = Debug|Any CPU
		{8C13428A-0F92-481E-9EB8-A8D3EBADB8B5}.Release|Any CPU.ActiveCfg = Release|Any CPU
		{8C13428A-0F92-481E-9EB8-A8D3EBADB8B5}.Release|Any CPU.Build.0 = Release|Any CPU
		{5CECA724-26BF-4E65-A647-D2AFA2B4901D}.Debug|Any CPU.ActiveCfg = Debug|Any CPU
		{5CECA724-26BF-4E65-A647-D2AFA2B4901D}.Debug|Any CPU.Build.0 = Debug|Any CPU
		{5CECA724-26BF-4E65-A647-D2AFA2B4901D}.Release|Any CPU.ActiveCfg = Release|Any CPU
		{5CECA724-26BF-4E65-A647-D2AFA2B4901D}.Release|Any CPU.Build.0 = Release|Any CPU
		{EAD575E4-69A2-4AAE-81CD-BFCEF6C38E0F}.Debug|Any CPU.ActiveCfg = Debug|Any CPU
		{EAD575E4-69A2-4AAE-81CD-BFCEF6C38E0F}.Debug|Any CPU.Build.0 = Debug|Any CPU
		{EAD575E4-69A2-4AAE-81CD-BFCEF6C38E0F}.Release|Any CPU.ActiveCfg = Release|Any CPU
		{EAD575E4-69A2-4AAE-81CD-BFCEF6C38E0F}.Release|Any CPU.Build.0 = Release|Any CPU
		{AF2731D5-7063-9489-8170-2F6BB6D24FFB}.Debug|Any CPU.ActiveCfg = Debug|Any CPU
		{AF2731D5-7063-9489-8170-2F6BB6D24FFB}.Debug|Any CPU.Build.0 = Debug|Any CPU
		{AF2731D5-7063-9489-8170-2F6BB6D24FFB}.Release|Any CPU.ActiveCfg = Release|Any CPU
		{AF2731D5-7063-9489-8170-2F6BB6D24FFB}.Release|Any CPU.Build.0 = Release|Any CPU
		{01F54625-8CE3-9EB9-ECF8-6D0DC05A7463}.Debug|Any CPU.ActiveCfg = Debug|Any CPU
		{01F54625-8CE3-9EB9-ECF8-6D0DC05A7463}.Debug|Any CPU.Build.0 = Debug|Any CPU
		{01F54625-8CE3-9EB9-ECF8-6D0DC05A7463}.Release|Any CPU.ActiveCfg = Release|Any CPU
		{01F54625-8CE3-9EB9-ECF8-6D0DC05A7463}.Release|Any CPU.Build.0 = Release|Any CPU
	EndGlobalSection
	GlobalSection(SolutionProperties) = preSolution
		HideSolutionNode = FALSE
	EndGlobalSection
	GlobalSection(NestedProjects) = preSolution
		{AF2731D5-7063-9489-8170-2F6BB6D24FFB} = {36D591C7-65C7-A0D1-1CBC-10CDE441BDC8}
		{01F54625-8CE3-9EB9-ECF8-6D0DC05A7463} = {36D591C7-65C7-A0D1-1CBC-10CDE441BDC8}
	EndGlobalSection
	GlobalSection(ExtensibilityGlobals) = postSolution
		SolutionGuid = {7CEF3C1B-9B2E-4213-BCE1-03BF135C830F}
	EndGlobalSection
EndGlobal
